// !$*UTF8*$!
{
	archiveVersion = 1;
	classes = {
	};
	objectVersion = 55;
	objects = {

/* Begin PBXBuildFile section */
		B85BD27927621DAA0037E329 /* TransitViewController.swift in Sources */ = {isa = PBXBuildFile; fileRef = B85BD27827621DAA0037E329 /* TransitViewController.swift */; };
		B85BD27B2764ED3F0037E329 /* TaskDetailsViewController.swift in Sources */ = {isa = PBXBuildFile; fileRef = B85BD27A2764ED3F0037E329 /* TaskDetailsViewController.swift */; };
		B866E5F627675D6F000399D5 /* SnapshotExtensions.swift in Sources */ = {isa = PBXBuildFile; fileRef = B866E5F527675D6F000399D5 /* SnapshotExtensions.swift */; };
		B86D5274275BA7F5006B1B23 /* AppDelegate.swift in Sources */ = {isa = PBXBuildFile; fileRef = B86D5273275BA7F5006B1B23 /* AppDelegate.swift */; };
		B86D5276275BA7F5006B1B23 /* SceneDelegate.swift in Sources */ = {isa = PBXBuildFile; fileRef = B86D5275275BA7F5006B1B23 /* SceneDelegate.swift */; };
		B86D5278275BA7F5006B1B23 /* ViewController.swift in Sources */ = {isa = PBXBuildFile; fileRef = B86D5277275BA7F5006B1B23 /* ViewController.swift */; };
		B86D527B275BA7F5006B1B23 /* Main.storyboard in Resources */ = {isa = PBXBuildFile; fileRef = B86D5279275BA7F5006B1B23 /* Main.storyboard */; };
		B86D527E275BA7F5006B1B23 /* SampleAppWithLogin.xcdatamodeld in Sources */ = {isa = PBXBuildFile; fileRef = B86D527C275BA7F5006B1B23 /* SampleAppWithLogin.xcdatamodeld */; };
		B86D5280275BA7F6006B1B23 /* Assets.xcassets in Resources */ = {isa = PBXBuildFile; fileRef = B86D527F275BA7F6006B1B23 /* Assets.xcassets */; };
		B86D5283275BA7F6006B1B23 /* LaunchScreen.storyboard in Resources */ = {isa = PBXBuildFile; fileRef = B86D5281275BA7F6006B1B23 /* LaunchScreen.storyboard */; };
		B86D528E275E2C8F006B1B23 /* LoginViewController.swift in Sources */ = {isa = PBXBuildFile; fileRef = B86D528D275E2C8F006B1B23 /* LoginViewController.swift */; };
		B86D5290275E2CA3006B1B23 /* RegisterViewController.swift in Sources */ = {isa = PBXBuildFile; fileRef = B86D528F275E2CA3006B1B23 /* RegisterViewController.swift */; };
		B86D5293275E553F006B1B23 /* Utilities.swift in Sources */ = {isa = PBXBuildFile; fileRef = B86D5292275E553F006B1B23 /* Utilities.swift */; };
		B86D5295275E6F29006B1B23 /* GoogleService-Info.plist in Resources */ = {isa = PBXBuildFile; fileRef = B86D5294275E6F29006B1B23 /* GoogleService-Info.plist */; };
		B86D529F275E94E2006B1B23 /* FirebaseAnalytics in Frameworks */ = {isa = PBXBuildFile; productRef = B86D529E275E94E2006B1B23 /* FirebaseAnalytics */; };
		B86D52A1275E94E2006B1B23 /* FirebaseAuth in Frameworks */ = {isa = PBXBuildFile; productRef = B86D52A0275E94E2006B1B23 /* FirebaseAuth */; };
		B86D52A3275E94E2006B1B23 /* FirebaseDatabase in Frameworks */ = {isa = PBXBuildFile; productRef = B86D52A2275E94E2006B1B23 /* FirebaseDatabase */; };
		B86D52A5275E94E2006B1B23 /* FirebaseFirestore in Frameworks */ = {isa = PBXBuildFile; productRef = B86D52A4275E94E2006B1B23 /* FirebaseFirestore */; };
		B86D52A7275E94E2006B1B23 /* FirebaseStorage in Frameworks */ = {isa = PBXBuildFile; productRef = B86D52A6275E94E2006B1B23 /* FirebaseStorage */; };
		B89756962774719E0040328A /* HomeTableViewController.swift in Sources */ = {isa = PBXBuildFile; fileRef = B89756952774719E0040328A /* HomeTableViewController.swift */; };
/* End PBXBuildFile section */

/* Begin PBXFileReference section */
		B85BD27827621DAA0037E329 /* TransitViewController.swift */ = {isa = PBXFileReference; lastKnownFileType = sourcecode.swift; path = TransitViewController.swift; sourceTree = "<group>"; };
		B85BD27A2764ED3F0037E329 /* TaskDetailsViewController.swift */ = {isa = PBXFileReference; lastKnownFileType = sourcecode.swift; path = TaskDetailsViewController.swift; sourceTree = "<group>"; };
		B866E5F527675D6F000399D5 /* SnapshotExtensions.swift */ = {isa = PBXFileReference; lastKnownFileType = sourcecode.swift; path = SnapshotExtensions.swift; sourceTree = "<group>"; };
		B86D5270275BA7F5006B1B23 /* SampleAppWithLogin.app */ = {isa = PBXFileReference; explicitFileType = wrapper.application; includeInIndex = 0; path = SampleAppWithLogin.app; sourceTree = BUILT_PRODUCTS_DIR; };
		B86D5273275BA7F5006B1B23 /* AppDelegate.swift */ = {isa = PBXFileReference; lastKnownFileType = sourcecode.swift; path = AppDelegate.swift; sourceTree = "<group>"; };
		B86D5275275BA7F5006B1B23 /* SceneDelegate.swift */ = {isa = PBXFileReference; lastKnownFileType = sourcecode.swift; path = SceneDelegate.swift; sourceTree = "<group>"; };
		B86D5277275BA7F5006B1B23 /* ViewController.swift */ = {isa = PBXFileReference; lastKnownFileType = sourcecode.swift; path = ViewController.swift; sourceTree = "<group>"; };
		B86D527A275BA7F5006B1B23 /* Base */ = {isa = PBXFileReference; lastKnownFileType = file.storyboard; name = Base; path = Base.lproj/Main.storyboard; sourceTree = "<group>"; };
		B86D527D275BA7F5006B1B23 /* SampleAppWithLogin.xcdatamodel */ = {isa = PBXFileReference; lastKnownFileType = wrapper.xcdatamodel; path = SampleAppWithLogin.xcdatamodel; sourceTree = "<group>"; };
		B86D527F275BA7F6006B1B23 /* Assets.xcassets */ = {isa = PBXFileReference; lastKnownFileType = folder.assetcatalog; path = Assets.xcassets; sourceTree = "<group>"; };
		B86D5282275BA7F6006B1B23 /* Base */ = {isa = PBXFileReference; lastKnownFileType = file.storyboard; name = Base; path = Base.lproj/LaunchScreen.storyboard; sourceTree = "<group>"; };
		B86D5284275BA7F6006B1B23 /* Info.plist */ = {isa = PBXFileReference; lastKnownFileType = text.plist.xml; path = Info.plist; sourceTree = "<group>"; };
		B86D528D275E2C8F006B1B23 /* LoginViewController.swift */ = {isa = PBXFileReference; lastKnownFileType = sourcecode.swift; path = LoginViewController.swift; sourceTree = "<group>"; };
		B86D528F275E2CA3006B1B23 /* RegisterViewController.swift */ = {isa = PBXFileReference; lastKnownFileType = sourcecode.swift; path = RegisterViewController.swift; sourceTree = "<group>"; };
		B86D5292275E553F006B1B23 /* Utilities.swift */ = {isa = PBXFileReference; lastKnownFileType = sourcecode.swift; path = Utilities.swift; sourceTree = "<group>"; };
		B86D5294275E6F29006B1B23 /* GoogleService-Info.plist */ = {isa = PBXFileReference; fileEncoding = 4; lastKnownFileType = text.plist.xml; path = "GoogleService-Info.plist"; sourceTree = "<group>"; };
		B89756952774719E0040328A /* HomeTableViewController.swift */ = {isa = PBXFileReference; lastKnownFileType = sourcecode.swift; path = HomeTableViewController.swift; sourceTree = "<group>"; };
/* End PBXFileReference section */

/* Begin PBXFrameworksBuildPhase section */
		B86D526D275BA7F5006B1B23 /* Frameworks */ = {
			isa = PBXFrameworksBuildPhase;
			buildActionMask = 2147483647;
			files = (
				B86D52A3275E94E2006B1B23 /* FirebaseDatabase in Frameworks */,
				B86D52A5275E94E2006B1B23 /* FirebaseFirestore in Frameworks */,
				B86D529F275E94E2006B1B23 /* FirebaseAnalytics in Frameworks */,
				B86D52A7275E94E2006B1B23 /* FirebaseStorage in Frameworks */,
				B86D52A1275E94E2006B1B23 /* FirebaseAuth in Frameworks */,
			);
			runOnlyForDeploymentPostprocessing = 0;
		};
/* End PBXFrameworksBuildPhase section */

/* Begin PBXGroup section */
		B86D5267275BA7F5006B1B23 = {
			isa = PBXGroup;
			children = (
				B86D5272275BA7F5006B1B23 /* SampleAppWithLogin */,
				B86D5271275BA7F5006B1B23 /* Products */,
			);
			sourceTree = "<group>";
		};
		B86D5271275BA7F5006B1B23 /* Products */ = {
			isa = PBXGroup;
			children = (
				B86D5270275BA7F5006B1B23 /* SampleAppWithLogin.app */,
			);
			name = Products;
			sourceTree = "<group>";
		};
		B86D5272275BA7F5006B1B23 /* SampleAppWithLogin */ = {
			isa = PBXGroup;
			children = (
				B86D5291275E546E006B1B23 /* Helpers */,
				B86D528C275E2C49006B1B23 /* Controllers */,
				B86D5273275BA7F5006B1B23 /* AppDelegate.swift */,
				B866E5F527675D6F000399D5 /* SnapshotExtensions.swift */,
				B86D5275275BA7F5006B1B23 /* SceneDelegate.swift */,
				B86D5279275BA7F5006B1B23 /* Main.storyboard */,
				B86D527F275BA7F6006B1B23 /* Assets.xcassets */,
				B86D5281275BA7F6006B1B23 /* LaunchScreen.storyboard */,
				B86D5294275E6F29006B1B23 /* GoogleService-Info.plist */,
				B86D5284275BA7F6006B1B23 /* Info.plist */,
				B86D527C275BA7F5006B1B23 /* SampleAppWithLogin.xcdatamodeld */,
			);
			path = SampleAppWithLogin;
			sourceTree = "<group>";
		};
		B86D528C275E2C49006B1B23 /* Controllers */ = {
			isa = PBXGroup;
			children = (
				B89756952774719E0040328A /* HomeTableViewController.swift */,
				B86D528D275E2C8F006B1B23 /* LoginViewController.swift */,
				B86D5277275BA7F5006B1B23 /* ViewController.swift */,
				B85BD27827621DAA0037E329 /* TransitViewController.swift */,
				B86D528F275E2CA3006B1B23 /* RegisterViewController.swift */,
				B85BD27A2764ED3F0037E329 /* TaskDetailsViewController.swift */,
			);
			name = Controllers;
			sourceTree = "<group>";
		};
		B86D5291275E546E006B1B23 /* Helpers */ = {
			isa = PBXGroup;
			children = (
				B86D5292275E553F006B1B23 /* Utilities.swift */,
			);
			path = Helpers;
			sourceTree = "<group>";
		};
/* End PBXGroup section */

/* Begin PBXNativeTarget section */
		B86D526F275BA7F5006B1B23 /* SampleAppWithLogin */ = {
			isa = PBXNativeTarget;
			buildConfigurationList = B86D5287275BA7F6006B1B23 /* Build configuration list for PBXNativeTarget "SampleAppWithLogin" */;
			buildPhases = (
				B86D526C275BA7F5006B1B23 /* Sources */,
				B86D526D275BA7F5006B1B23 /* Frameworks */,
				B86D526E275BA7F5006B1B23 /* Resources */,
			);
			buildRules = (
			);
			dependencies = (
			);
			name = SampleAppWithLogin;
			packageProductDependencies = (
				B86D529E275E94E2006B1B23 /* FirebaseAnalytics */,
				B86D52A0275E94E2006B1B23 /* FirebaseAuth */,
				B86D52A2275E94E2006B1B23 /* FirebaseDatabase */,
				B86D52A4275E94E2006B1B23 /* FirebaseFirestore */,
				B86D52A6275E94E2006B1B23 /* FirebaseStorage */,
			);
			productName = SampleAppWithLogin;
			productReference = B86D5270275BA7F5006B1B23 /* SampleAppWithLogin.app */;
			productType = "com.apple.product-type.application";
		};
/* End PBXNativeTarget section */

/* Begin PBXProject section */
		B86D5268275BA7F5006B1B23 /* Project object */ = {
			isa = PBXProject;
			attributes = {
				BuildIndependentTargetsInParallel = 1;
				LastSwiftUpdateCheck = 1310;
				LastUpgradeCheck = 1310;
				TargetAttributes = {
					B86D526F275BA7F5006B1B23 = {
						CreatedOnToolsVersion = 13.1;
					};
				};
			};
			buildConfigurationList = B86D526B275BA7F5006B1B23 /* Build configuration list for PBXProject "SampleAppWithLogin" */;
			compatibilityVersion = "Xcode 13.0";
			developmentRegion = en;
			hasScannedForEncodings = 0;
			knownRegions = (
				en,
				Base,
			);
			mainGroup = B86D5267275BA7F5006B1B23;
			packageReferences = (
				B86D529D275E94E2006B1B23 /* XCRemoteSwiftPackageReference "firebase-ios-sdk" */,
			);
			productRefGroup = B86D5271275BA7F5006B1B23 /* Products */;
			projectDirPath = "";
			projectRoot = "";
			targets = (
				B86D526F275BA7F5006B1B23 /* SampleAppWithLogin */,
			);
		};
/* End PBXProject section */

/* Begin PBXResourcesBuildPhase section */
		B86D526E275BA7F5006B1B23 /* Resources */ = {
			isa = PBXResourcesBuildPhase;
			buildActionMask = 2147483647;
			files = (
				B86D5283275BA7F6006B1B23 /* LaunchScreen.storyboard in Resources */,
				B86D5295275E6F29006B1B23 /* GoogleService-Info.plist in Resources */,
				B86D5280275BA7F6006B1B23 /* Assets.xcassets in Resources */,
				B86D527B275BA7F5006B1B23 /* Main.storyboard in Resources */,
			);
			runOnlyForDeploymentPostprocessing = 0;
		};
/* End PBXResourcesBuildPhase section */

/* Begin PBXSourcesBuildPhase section */
		B86D526C275BA7F5006B1B23 /* Sources */ = {
			isa = PBXSourcesBuildPhase;
			buildActionMask = 2147483647;
			files = (
				B89756962774719E0040328A /* HomeTableViewController.swift in Sources */,
				B85BD27B2764ED3F0037E329 /* TaskDetailsViewController.swift in Sources */,
				B86D528E275E2C8F006B1B23 /* LoginViewController.swift in Sources */,
				B85BD27927621DAA0037E329 /* TransitViewController.swift in Sources */,
				B86D5290275E2CA3006B1B23 /* RegisterViewController.swift in Sources */,
				B86D5278275BA7F5006B1B23 /* ViewController.swift in Sources */,
				B86D5274275BA7F5006B1B23 /* AppDelegate.swift in Sources */,
				B86D5276275BA7F5006B1B23 /* SceneDelegate.swift in Sources */,
				B86D5293275E553F006B1B23 /* Utilities.swift in Sources */,
				B86D527E275BA7F5006B1B23 /* SampleAppWithLogin.xcdatamodeld in Sources */,
				B866E5F627675D6F000399D5 /* SnapshotExtensions.swift in Sources */,
			);
			runOnlyForDeploymentPostprocessing = 0;
		};
/* End PBXSourcesBuildPhase section */

/* Begin PBXVariantGroup section */
		B86D5279275BA7F5006B1B23 /* Main.storyboard */ = {
			isa = PBXVariantGroup;
			children = (
				B86D527A275BA7F5006B1B23 /* Base */,
			);
			name = Main.storyboard;
			sourceTree = "<group>";
		};
		B86D5281275BA7F6006B1B23 /* LaunchScreen.storyboard */ = {
			isa = PBXVariantGroup;
			children = (
				B86D5282275BA7F6006B1B23 /* Base */,
			);
			name = LaunchScreen.storyboard;
			sourceTree = "<group>";
		};
/* End PBXVariantGroup section */

/* Begin XCBuildConfiguration section */
		B86D5285275BA7F6006B1B23 /* Debug */ = {
			isa = XCBuildConfiguration;
			buildSettings = {
				ALWAYS_SEARCH_USER_PATHS = NO;
				CLANG_ANALYZER_NONNULL = YES;
				CLANG_ANALYZER_NUMBER_OBJECT_CONVERSION = YES_AGGRESSIVE;
				CLANG_CXX_LANGUAGE_STANDARD = "gnu++17";
				CLANG_CXX_LIBRARY = "libc++";
				CLANG_ENABLE_MODULES = YES;
				CLANG_ENABLE_OBJC_ARC = YES;
				CLANG_ENABLE_OBJC_WEAK = YES;
				CLANG_WARN_BLOCK_CAPTURE_AUTORELEASING = YES;
				CLANG_WARN_BOOL_CONVERSION = YES;
				CLANG_WARN_COMMA = YES;
				CLANG_WARN_CONSTANT_CONVERSION = YES;
				CLANG_WARN_DEPRECATED_OBJC_IMPLEMENTATIONS = YES;
				CLANG_WARN_DIRECT_OBJC_ISA_USAGE = YES_ERROR;
				CLANG_WARN_DOCUMENTATION_COMMENTS = YES;
				CLANG_WARN_EMPTY_BODY = YES;
				CLANG_WARN_ENUM_CONVERSION = YES;
				CLANG_WARN_INFINITE_RECURSION = YES;
				CLANG_WARN_INT_CONVERSION = YES;
				CLANG_WARN_NON_LITERAL_NULL_CONVERSION = YES;
				CLANG_WARN_OBJC_IMPLICIT_RETAIN_SELF = YES;
				CLANG_WARN_OBJC_LITERAL_CONVERSION = YES;
				CLANG_WARN_OBJC_ROOT_CLASS = YES_ERROR;
				CLANG_WARN_QUOTED_INCLUDE_IN_FRAMEWORK_HEADER = YES;
				CLANG_WARN_RANGE_LOOP_ANALYSIS = YES;
				CLANG_WARN_STRICT_PROTOTYPES = YES;
				CLANG_WARN_SUSPICIOUS_MOVE = YES;
				CLANG_WARN_UNGUARDED_AVAILABILITY = YES_AGGRESSIVE;
				CLANG_WARN_UNREACHABLE_CODE = YES;
				CLANG_WARN__DUPLICATE_METHOD_MATCH = YES;
				COPY_PHASE_STRIP = NO;
				DEBUG_INFORMATION_FORMAT = dwarf;
				ENABLE_STRICT_OBJC_MSGSEND = YES;
				ENABLE_TESTABILITY = YES;
				GCC_C_LANGUAGE_STANDARD = gnu11;
				GCC_DYNAMIC_NO_PIC = NO;
				GCC_NO_COMMON_BLOCKS = YES;
				GCC_OPTIMIZATION_LEVEL = 0;
				GCC_PREPROCESSOR_DEFINITIONS = (
					"DEBUG=1",
					"$(inherited)",
				);
				GCC_WARN_64_TO_32_BIT_CONVERSION = YES;
				GCC_WARN_ABOUT_RETURN_TYPE = YES_ERROR;
				GCC_WARN_UNDECLARED_SELECTOR = YES;
				GCC_WARN_UNINITIALIZED_AUTOS = YES_AGGRESSIVE;
				GCC_WARN_UNUSED_FUNCTION = YES;
				GCC_WARN_UNUSED_VARIABLE = YES;
				IPHONEOS_DEPLOYMENT_TARGET = 15.0;
				MTL_ENABLE_DEBUG_INFO = INCLUDE_SOURCE;
				MTL_FAST_MATH = YES;
				ONLY_ACTIVE_ARCH = YES;
				SDKROOT = iphoneos;
				SWIFT_ACTIVE_COMPILATION_CONDITIONS = DEBUG;
				SWIFT_OPTIMIZATION_LEVEL = "-Onone";
			};
			name = Debug;
		};
		B86D5286275BA7F6006B1B23 /* Release */ = {
			isa = XCBuildConfiguration;
			buildSettings = {
				ALWAYS_SEARCH_USER_PATHS = NO;
				CLANG_ANALYZER_NONNULL = YES;
				CLANG_ANALYZER_NUMBER_OBJECT_CONVERSION = YES_AGGRESSIVE;
				CLANG_CXX_LANGUAGE_STANDARD = "gnu++17";
				CLANG_CXX_LIBRARY = "libc++";
				CLANG_ENABLE_MODULES = YES;
				CLANG_ENABLE_OBJC_ARC = YES;
				CLANG_ENABLE_OBJC_WEAK = YES;
				CLANG_WARN_BLOCK_CAPTURE_AUTORELEASING = YES;
				CLANG_WARN_BOOL_CONVERSION = YES;
				CLANG_WARN_COMMA = YES;
				CLANG_WARN_CONSTANT_CONVERSION = YES;
				CLANG_WARN_DEPRECATED_OBJC_IMPLEMENTATIONS = YES;
				CLANG_WARN_DIRECT_OBJC_ISA_USAGE = YES_ERROR;
				CLANG_WARN_DOCUMENTATION_COMMENTS = YES;
				CLANG_WARN_EMPTY_BODY = YES;
				CLANG_WARN_ENUM_CONVERSION = YES;
				CLANG_WARN_INFINITE_RECURSION = YES;
				CLANG_WARN_INT_CONVERSION = YES;
				CLANG_WARN_NON_LITERAL_NULL_CONVERSION = YES;
				CLANG_WARN_OBJC_IMPLICIT_RETAIN_SELF = YES;
				CLANG_WARN_OBJC_LITERAL_CONVERSION = YES;
				CLANG_WARN_OBJC_ROOT_CLASS = YES_ERROR;
				CLANG_WARN_QUOTED_INCLUDE_IN_FRAMEWORK_HEADER = YES;
				CLANG_WARN_RANGE_LOOP_ANALYSIS = YES;
				CLANG_WARN_STRICT_PROTOTYPES = YES;
				CLANG_WARN_SUSPICIOUS_MOVE = YES;
				CLANG_WARN_UNGUARDED_AVAILABILITY = YES_AGGRESSIVE;
				CLANG_WARN_UNREACHABLE_CODE = YES;
				CLANG_WARN__DUPLICATE_METHOD_MATCH = YES;
				COPY_PHASE_STRIP = NO;
				DEBUG_INFORMATION_FORMAT = "dwarf-with-dsym";
				ENABLE_NS_ASSERTIONS = NO;
				ENABLE_STRICT_OBJC_MSGSEND = YES;
				GCC_C_LANGUAGE_STANDARD = gnu11;
				GCC_NO_COMMON_BLOCKS = YES;
				GCC_WARN_64_TO_32_BIT_CONVERSION = YES;
				GCC_WARN_ABOUT_RETURN_TYPE = YES_ERROR;
				GCC_WARN_UNDECLARED_SELECTOR = YES;
				GCC_WARN_UNINITIALIZED_AUTOS = YES_AGGRESSIVE;
				GCC_WARN_UNUSED_FUNCTION = YES;
				GCC_WARN_UNUSED_VARIABLE = YES;
				IPHONEOS_DEPLOYMENT_TARGET = 15.0;
				MTL_ENABLE_DEBUG_INFO = NO;
				MTL_FAST_MATH = YES;
				SDKROOT = iphoneos;
				SWIFT_COMPILATION_MODE = wholemodule;
				SWIFT_OPTIMIZATION_LEVEL = "-O";
				VALIDATE_PRODUCT = YES;
			};
			name = Release;
		};
		B86D5288275BA7F6006B1B23 /* Debug */ = {
			isa = XCBuildConfiguration;
			buildSettings = {
				ASSETCATALOG_COMPILER_APPICON_NAME = AppIcon;
				ASSETCATALOG_COMPILER_GLOBAL_ACCENT_COLOR_NAME = AccentColor;
				CODE_SIGN_STYLE = Automatic;
				CURRENT_PROJECT_VERSION = 1;
				GENERATE_INFOPLIST_FILE = YES;
				INFOPLIST_FILE = SampleAppWithLogin/Info.plist;
				INFOPLIST_KEY_UIApplicationSupportsIndirectInputEvents = YES;
				INFOPLIST_KEY_UILaunchStoryboardName = LaunchScreen;
				INFOPLIST_KEY_UIMainStoryboardFile = Main;
				INFOPLIST_KEY_UISupportedInterfaceOrientations_iPad = "UIInterfaceOrientationPortrait UIInterfaceOrientationPortraitUpsideDown UIInterfaceOrientationLandscapeLeft UIInterfaceOrientationLandscapeRight";
				INFOPLIST_KEY_UISupportedInterfaceOrientations_iPhone = "UIInterfaceOrientationPortrait UIInterfaceOrientationLandscapeLeft UIInterfaceOrientationLandscapeRight";
				LD_RUNPATH_SEARCH_PATHS = (
					"$(inherited)",
					"@executable_path/Frameworks",
				);
				MARKETING_VERSION = 1.0;
				PRODUCT_BUNDLE_IDENTIFIER = lectures.SampleAppWithLogin;
				PRODUCT_NAME = "$(TARGET_NAME)";
				SWIFT_EMIT_LOC_STRINGS = YES;
				SWIFT_VERSION = 5.0;
				TARGETED_DEVICE_FAMILY = "1,2";
			};
			name = Debug;
		};
		B86D5289275BA7F6006B1B23 /* Release */ = {
			isa = XCBuildConfiguration;
			buildSettings = {
				ASSETCATALOG_COMPILER_APPICON_NAME = AppIcon;
				ASSETCATALOG_COMPILER_GLOBAL_ACCENT_COLOR_NAME = AccentColor;
				CODE_SIGN_STYLE = Automatic;
				CURRENT_PROJECT_VERSION = 1;
				GENERATE_INFOPLIST_FILE = YES;
				INFOPLIST_FILE = SampleAppWithLogin/Info.plist;
				INFOPLIST_KEY_UIApplicationSupportsIndirectInputEvents = YES;
				INFOPLIST_KEY_UILaunchStoryboardName = LaunchScreen;
				INFOPLIST_KEY_UIMainStoryboardFile = Main;
				INFOPLIST_KEY_UISupportedInterfaceOrientations_iPad = "UIInterfaceOrientationPortrait UIInterfaceOrientationPortraitUpsideDown UIInterfaceOrientationLandscapeLeft UIInterfaceOrientationLandscapeRight";
				INFOPLIST_KEY_UISupportedInterfaceOrientations_iPhone = "UIInterfaceOrientationPortrait UIInterfaceOrientationLandscapeLeft UIInterfaceOrientationLandscapeRight";
				LD_RUNPATH_SEARCH_PATHS = (
					"$(inherited)",
					"@executable_path/Frameworks",
				);
				MARKETING_VERSION = 1.0;
				PRODUCT_BUNDLE_IDENTIFIER = lectures.SampleAppWithLogin;
				PRODUCT_NAME = "$(TARGET_NAME)";
				SWIFT_EMIT_LOC_STRINGS = YES;
				SWIFT_VERSION = 5.0;
				TARGETED_DEVICE_FAMILY = "1,2";
			};
			name = Release;
		};
/* End XCBuildConfiguration section */

/* Begin XCConfigurationList section */
		B86D526B275BA7F5006B1B23 /* Build configuration list for PBXProject "SampleAppWithLogin" */ = {
			isa = XCConfigurationList;
			buildConfigurations = (
				B86D5285275BA7F6006B1B23 /* Debug */,
				B86D5286275BA7F6006B1B23 /* Release */,
			);
			defaultConfigurationIsVisible = 0;
			defaultConfigurationName = Release;
		};
		B86D5287275BA7F6006B1B23 /* Build configuration list for PBXNativeTarget "SampleAppWithLogin" */ = {
			isa = XCConfigurationList;
			buildConfigurations = (
				B86D5288275BA7F6006B1B23 /* Debug */,
				B86D5289275BA7F6006B1B23 /* Release */,
			);
			defaultConfigurationIsVisible = 0;
			defaultConfigurationName = Release;
		};
/* End XCConfigurationList section */

/* Begin XCRemoteSwiftPackageReference section */
		B86D529D275E94E2006B1B23 /* XCRemoteSwiftPackageReference "firebase-ios-sdk" */ = {
			isa = XCRemoteSwiftPackageReference;
			repositoryURL = "https://github.com/firebase/firebase-ios-sdk";
			requirement = {
				branch = master;
				kind = branch;
			};
		};
/* End XCRemoteSwiftPackageReference section */

/* Begin XCSwiftPackageProductDependency section */
		B86D529E275E94E2006B1B23 /* FirebaseAnalytics */ = {
			isa = XCSwiftPackageProductDependency;
			package = B86D529D275E94E2006B1B23 /* XCRemoteSwiftPackageReference "firebase-ios-sdk" */;
			productName = FirebaseAnalytics;
		};
		B86D52A0275E94E2006B1B23 /* FirebaseAuth */ = {
			isa = XCSwiftPackageProductDependency;
			package = B86D529D275E94E2006B1B23 /* XCRemoteSwiftPackageReference "firebase-ios-sdk" */;
			productName = FirebaseAuth;
		};
		B86D52A2275E94E2006B1B23 /* FirebaseDatabase */ = {
			isa = XCSwiftPackageProductDependency;
			package = B86D529D275E94E2006B1B23 /* XCRemoteSwiftPackageReference "firebase-ios-sdk" */;
			productName = FirebaseDatabase;
		};
		B86D52A4275E94E2006B1B23 /* FirebaseFirestore */ = {
			isa = XCSwiftPackageProductDependency;
			package = B86D529D275E94E2006B1B23 /* XCRemoteSwiftPackageReference "firebase-ios-sdk" */;
			productName = FirebaseFirestore;
		};
		B86D52A6275E94E2006B1B23 /* FirebaseStorage */ = {
			isa = XCSwiftPackageProductDependency;
			package = B86D529D275E94E2006B1B23 /* XCRemoteSwiftPackageReference "firebase-ios-sdk" */;
			productName = FirebaseStorage;
		};
/* End XCSwiftPackageProductDependency section */

/* Begin XCVersionGroup section */
		B86D527C275BA7F5006B1B23 /* SampleAppWithLogin.xcdatamodeld */ = {
			isa = XCVersionGroup;
			children = (
				B86D527D275BA7F5006B1B23 /* SampleAppWithLogin.xcdatamodel */,
			);
			currentVersion = B86D527D275BA7F5006B1B23 /* SampleAppWithLogin.xcdatamodel */;
			path = SampleAppWithLogin.xcdatamodeld;
			sourceTree = "<group>";
			versionGroupType = wrapper.xcdatamodel;
		};
/* End XCVersionGroup section */
	};
	rootObject = B86D5268275BA7F5006B1B23 /* Project object */;
}
